// !$*UTF8*$!
{
	archiveVersion = 1;
	classes = {
	};
	objectVersion = 46;
	objects = {

/* Begin PBXBuildFile section */
		958F615F1F270A7F00DCD26A /* RatingControl.swift in Sources */ = {isa = PBXBuildFile; fileRef = 958F615E1F270A7F00DCD26A /* RatingControl.swift */; };
		958F61631F272C6500DCD26A /* Link.swift in Sources */ = {isa = PBXBuildFile; fileRef = 958F61621F272C6500DCD26A /* Link.swift */; };
		958F61651F27345E00DCD26A /* LinkTableViewCell.swift in Sources */ = {isa = PBXBuildFile; fileRef = 958F61641F27345E00DCD26A /* LinkTableViewCell.swift */; };
		C6315BD91F27CB7000BEA446 /* LinkTableViewController.swift in Sources */ = {isa = PBXBuildFile; fileRef = C6315BD81F27CB7000BEA446 /* LinkTableViewController.swift */; };
		C6F5518E1F23211C002B7A06 /* AppDelegate.swift in Sources */ = {isa = PBXBuildFile; fileRef = C6F5518D1F23211C002B7A06 /* AppDelegate.swift */; };
		C6F551901F23211C002B7A06 /* ViewController.swift in Sources */ = {isa = PBXBuildFile; fileRef = C6F5518F1F23211C002B7A06 /* ViewController.swift */; };
		C6F551931F23211C002B7A06 /* Main.storyboard in Resources */ = {isa = PBXBuildFile; fileRef = C6F551911F23211C002B7A06 /* Main.storyboard */; };
		C6F551951F23211C002B7A06 /* Assets.xcassets in Resources */ = {isa = PBXBuildFile; fileRef = C6F551941F23211C002B7A06 /* Assets.xcassets */; };
		C6F551981F23211C002B7A06 /* LaunchScreen.storyboard in Resources */ = {isa = PBXBuildFile; fileRef = C6F551961F23211C002B7A06 /* LaunchScreen.storyboard */; };
/* End PBXBuildFile section */

/* Begin PBXFileReference section */
		958F615E1F270A7F00DCD26A /* RatingControl.swift */ = {isa = PBXFileReference; fileEncoding = 4; lastKnownFileType = sourcecode.swift; name = RatingControl.swift; path = ../RatingControl.swift; sourceTree = "<group>"; };
		958F61621F272C6500DCD26A /* Link.swift */ = {isa = PBXFileReference; fileEncoding = 4; lastKnownFileType = sourcecode.swift; path = Link.swift; sourceTree = "<group>"; };
		958F61641F27345E00DCD26A /* LinkTableViewCell.swift */ = {isa = PBXFileReference; fileEncoding = 4; lastKnownFileType = sourcecode.swift; name = LinkTableViewCell.swift; path = ../LinkTableViewCell.swift; sourceTree = "<group>"; };
		C6315BD81F27CB7000BEA446 /* LinkTableViewController.swift */ = {isa = PBXFileReference; fileEncoding = 4; lastKnownFileType = sourcecode.swift; name = LinkTableViewController.swift; path = ../LinkTableViewController.swift; sourceTree = "<group>"; };
		C6F5518A1F23211C002B7A06 /* Shooter.app */ = {isa = PBXFileReference; explicitFileType = wrapper.application; includeInIndex = 0; path = Shooter.app; sourceTree = BUILT_PRODUCTS_DIR; };
		C6F5518D1F23211C002B7A06 /* AppDelegate.swift */ = {isa = PBXFileReference; lastKnownFileType = sourcecode.swift; path = AppDelegate.swift; sourceTree = "<group>"; };
		C6F5518F1F23211C002B7A06 /* ViewController.swift */ = {isa = PBXFileReference; lastKnownFileType = sourcecode.swift; path = ViewController.swift; sourceTree = "<group>"; };
		C6F551921F23211C002B7A06 /* Base */ = {isa = PBXFileReference; lastKnownFileType = file.storyboard; name = Base; path = Base.lproj/Main.storyboard; sourceTree = "<group>"; };
		C6F551941F23211C002B7A06 /* Assets.xcassets */ = {isa = PBXFileReference; lastKnownFileType = folder.assetcatalog; path = Assets.xcassets; sourceTree = "<group>"; };
		C6F551971F23211C002B7A06 /* Base */ = {isa = PBXFileReference; lastKnownFileType = file.storyboard; name = Base; path = Base.lproj/LaunchScreen.storyboard; sourceTree = "<group>"; };
		C6F551991F23211C002B7A06 /* Info.plist */ = {isa = PBXFileReference; lastKnownFileType = text.plist.xml; path = Info.plist; sourceTree = "<group>"; };
/* End PBXFileReference section */

/* Begin PBXFrameworksBuildPhase section */
		C6F551871F23211B002B7A06 /* Frameworks */ = {
			isa = PBXFrameworksBuildPhase;
			buildActionMask = 2147483647;
			files = (
			);
			runOnlyForDeploymentPostprocessing = 0;
		};
/* End PBXFrameworksBuildPhase section */

/* Begin PBXGroup section */
		C6F551811F23211B002B7A06 = {
			isa = PBXGroup;
			children = (
				C6F5518C1F23211C002B7A06 /* Shooter */,
				C6F5518B1F23211C002B7A06 /* Products */,
			);
			sourceTree = "<group>";
		};
		C6F5518B1F23211C002B7A06 /* Products */ = {
			isa = PBXGroup;
			children = (
				C6F5518A1F23211C002B7A06 /* Shooter.app */,
			);
			name = Products;
			sourceTree = "<group>";
		};
		C6F5518C1F23211C002B7A06 /* Shooter */ = {
			isa = PBXGroup;
			children = (
				C6315BD81F27CB7000BEA446 /* LinkTableViewController.swift */,
				958F61641F27345E00DCD26A /* LinkTableViewCell.swift */,
				958F615E1F270A7F00DCD26A /* RatingControl.swift */,
				C6F5518D1F23211C002B7A06 /* AppDelegate.swift */,
				C6F5518F1F23211C002B7A06 /* ViewController.swift */,
				C6F551911F23211C002B7A06 /* Main.storyboard */,
				C6F551941F23211C002B7A06 /* Assets.xcassets */,
				C6F551961F23211C002B7A06 /* LaunchScreen.storyboard */,
				C6F551991F23211C002B7A06 /* Info.plist */,
				958F61621F272C6500DCD26A /* Link.swift */,
			);
			path = Shooter;
			sourceTree = "<group>";
		};
/* End PBXGroup section */

/* Begin PBXNativeTarget section */
		C6F551891F23211B002B7A06 /* Shooter */ = {
			isa = PBXNativeTarget;
			buildConfigurationList = C6F5519C1F23211C002B7A06 /* Build configuration list for PBXNativeTarget "Shooter" */;
			buildPhases = (
				C6F551861F23211B002B7A06 /* Sources */,
				C6F551871F23211B002B7A06 /* Frameworks */,
				C6F551881F23211B002B7A06 /* Resources */,
			);
			buildRules = (
			);
			dependencies = (
			);
			name = Shooter;
			productName = Shooter;
			productReference = C6F5518A1F23211C002B7A06 /* Shooter.app */;
			productType = "com.apple.product-type.application";
		};
/* End PBXNativeTarget section */

/* Begin PBXProject section */
		C6F551821F23211B002B7A06 /* Project object */ = {
			isa = PBXProject;
			attributes = {
				LastSwiftUpdateCheck = 0820;
				LastUpgradeCheck = 0820;
				ORGANIZATIONNAME = "Spritle Mac";
				TargetAttributes = {
					C6F551891F23211B002B7A06 = {
						CreatedOnToolsVersion = 8.2.1;
						ProvisioningStyle = Automatic;
					};
				};
			};
			buildConfigurationList = C6F551851F23211B002B7A06 /* Build configuration list for PBXProject "Shooter" */;
			compatibilityVersion = "Xcode 3.2";
			developmentRegion = English;
			hasScannedForEncodings = 0;
			knownRegions = (
				en,
				Base,
			);
			mainGroup = C6F551811F23211B002B7A06;
			productRefGroup = C6F5518B1F23211C002B7A06 /* Products */;
			projectDirPath = "";
			projectRoot = "";
			targets = (
				C6F551891F23211B002B7A06 /* Shooter */,
			);
		};
/* End PBXProject section */

/* Begin PBXResourcesBuildPhase section */
		C6F551881F23211B002B7A06 /* Resources */ = {
			isa = PBXResourcesBuildPhase;
			buildActionMask = 2147483647;
			files = (
				C6F551981F23211C002B7A06 /* LaunchScreen.storyboard in Resources */,
				C6F551951F23211C002B7A06 /* Assets.xcassets in Resources */,
				C6F551931F23211C002B7A06 /* Main.storyboard in Resources */,
			);
			runOnlyForDeploymentPostprocessing = 0;
		};
/* End PBXResourcesBuildPhase section */

/* Begin PBXSourcesBuildPhase section */
		C6F551861F23211B002B7A06 /* Sources */ = {
			isa = PBXSourcesBuildPhase;
			buildActionMask = 2147483647;
			files = (
				958F61651F27345E00DCD26A /* LinkTableViewCell.swift in Sources */,
				C6F551901F23211C002B7A06 /* ViewController.swift in Sources */,
				958F615F1F270A7F00DCD26A /* RatingControl.swift in Sources */,
				C6F5518E1F23211C002B7A06 /* AppDelegate.swift in Sources */,
				958F61631F272C6500DCD26A /* Link.swift in Sources */,
				C6315BD91F27CB7000BEA446 /* LinkTableViewController.swift in Sources */,
			);
			runOnlyForDeploymentPostprocessing = 0;
		};
/* End PBXSourcesBuildPhase section */

/* Begin PBXVariantGroup section */
		C6F551911F23211C002B7A06 /* Main.storyboard */ = {
			isa = PBXVariantGroup;
			children = (
				C6F551921F23211C002B7A06 /* Base */,
			);
			name = Main.storyboard;
			sourceTree = "<group>";
		};
		C6F551961F23211C002B7A06 /* LaunchScreen.storyboard */ = {
			isa = PBXVariantGroup;
			children = (
				C6F551971F23211C002B7A06 /* Base */,
			);
			name = LaunchScreen.storyboard;
			sourceTree = "<group>";
		};
/* End PBXVariantGroup section */

/* Begin XCBuildConfiguration section */
		C6F5519A1F23211C002B7A06 /* Debug */ = {
			isa = XCBuildConfiguration;
			buildSettings = {
				ALWAYS_SEARCH_USER_PATHS = NO;
				CLANG_ANALYZER_NONNULL = YES;
				CLANG_CXX_LANGUAGE_STANDARD = "gnu++0x";
				CLANG_CXX_LIBRARY = "libc++";
				CLANG_ENABLE_MODULES = YES;
				CLANG_ENABLE_OBJC_ARC = YES;
				CLANG_WARN_BOOL_CONVERSION = YES;
				CLANG_WARN_CONSTANT_CONVERSION = YES;
				CLANG_WARN_DIRECT_OBJC_ISA_USAGE = YES_ERROR;
				CLANG_WARN_DOCUMENTATION_COMMENTS = YES;
				CLANG_WARN_EMPTY_BODY = YES;
				CLANG_WARN_ENUM_CONVERSION = YES;
				CLANG_WARN_INFINITE_RECURSION = YES;
				CLANG_WARN_INT_CONVERSION = YES;
				CLANG_WARN_OBJC_ROOT_CLASS = YES_ERROR;
				CLANG_WARN_SUSPICIOUS_MOVE = YES;
				CLANG_WARN_UNREACHABLE_CODE = YES;
				CLANG_WARN__DUPLICATE_METHOD_MATCH = YES;
				"CODE_SIGN_IDENTITY[sdk=iphoneos*]" = "iPhone Developer";
				COPY_PHASE_STRIP = NO;
				DEBUG_INFORMATION_FORMAT = dwarf;
				ENABLE_STRICT_OBJC_MSGSEND = YES;
				ENABLE_TESTABILITY = YES;
				GCC_C_LANGUAGE_STANDARD = gnu99;
				GCC_DYNAMIC_NO_PIC = NO;
				GCC_NO_COMMON_BLOCKS = YES;
				GCC_OPTIMIZATION_LEVEL = 0;
				GCC_PREPROCESSOR_DEFINITIONS = (
					"DEBUG=1",
					"$(inherited)",
				);
				GCC_WARN_64_TO_32_BIT_CONVERSION = YES;
				GCC_WARN_ABOUT_RETURN_TYPE = YES_ERROR;
				GCC_WARN_UNDECLARED_SELECTOR = YES;
				GCC_WARN_UNINITIALIZED_AUTOS = YES_AGGRESSIVE;
				GCC_WARN_UNUSED_FUNCTION = YES;
				GCC_WARN_UNUSED_VARIABLE = YES;
				IPHONEOS_DEPLOYMENT_TARGET = 10.2;
				MTL_ENABLE_DEBUG_INFO = YES;
				ONLY_ACTIVE_ARCH = YES;
				SDKROOT = iphoneos;
				SWIFT_ACTIVE_COMPILATION_CONDITIONS = DEBUG;
				SWIFT_OPTIMIZATION_LEVEL = "-Onone";
			};
			name = Debug;
		};
		C6F5519B1F23211C002B7A06 /* Release */ = {
			isa = XCBuildConfiguration;
			buildSettings = {
				ALWAYS_SEARCH_USER_PATHS = NO;
				CLANG_ANALYZER_NONNULL = YES;
				CLANG_CXX_LANGUAGE_STANDARD = "gnu++0x";
				CLANG_CXX_LIBRARY = "libc++";
				CLANG_ENABLE_MODULES = YES;
				CLANG_ENABLE_OBJC_ARC = YES;
				CLANG_WARN_BOOL_CONVERSION = YES;
				CLANG_WARN_CONSTANT_CONVERSION = YES;
				CLANG_WARN_DIRECT_OBJC_ISA_USAGE = YES_ERROR;
				CLANG_WARN_DOCUMENTATION_COMMENTS = YES;
				CLANG_WARN_EMPTY_BODY = YES;
				CLANG_WARN_ENUM_CONVERSION = YES;
				CLANG_WARN_INFINITE_RECURSION = YES;
				CLANG_WARN_INT_CONVERSION = YES;
				CLANG_WARN_OBJC_ROOT_CLASS = YES_ERROR;
				CLANG_WARN_SUSPICIOUS_MOVE = YES;
				CLANG_WARN_UNREACHABLE_CODE = YES;
				CLANG_WARN__DUPLICATE_METHOD_MATCH = YES;
				"CODE_SIGN_IDENTITY[sdk=iphoneos*]" = "iPhone Developer";
				COPY_PHASE_STRIP = NO;
				DEBUG_INFORMATION_FORMAT = "dwarf-with-dsym";
				ENABLE_NS_ASSERTIONS = NO;
				ENABLE_STRICT_OBJC_MSGSEND = YES;
				GCC_C_LANGUAGE_STANDARD = gnu99;
				GCC_NO_COMMON_BLOCKS = YES;
				GCC_WARN_64_TO_32_BIT_CONVERSION = YES;
				GCC_WARN_ABOUT_RETURN_TYPE = YES_ERROR;
				GCC_WARN_UNDECLARED_SELECTOR = YES;
				GCC_WARN_UNINITIALIZED_AUTOS = YES_AGGRESSIVE;
				GCC_WARN_UNUSED_FUNCTION = YES;
				GCC_WARN_UNUSED_VARIABLE = YES;
				IPHONEOS_DEPLOYMENT_TARGET = 10.2;
				MTL_ENABLE_DEBUG_INFO = NO;
				SDKROOT = iphoneos;
				SWIFT_OPTIMIZATION_LEVEL = "-Owholemodule";
				VALIDATE_PRODUCT = YES;
			};
			name = Release;
		};
		C6F5519D1F23211C002B7A06 /* Debug */ = {
			isa = XCBuildConfiguration;
			buildSettings = {
				ASSETCATALOG_COMPILER_APPICON_NAME = AppIcon;
				INFOPLIST_FILE = Shooter/Info.plist;
				LD_RUNPATH_SEARCH_PATHS = "$(inherited) @executable_path/Frameworks";
				PRODUCT_BUNDLE_IDENTIFIER = com.spritle.Shooter;
				PRODUCT_NAME = "$(TARGET_NAME)";
				SWIFT_VERSION = 3.0;
			};
			name = Debug;
		};
		C6F5519E1F23211C002B7A06 /* Release */ = {
			isa = XCBuildConfiguration;
			buildSettings = {
				ASSETCATALOG_COMPILER_APPICON_NAME = AppIcon;
				INFOPLIST_FILE = Shooter/Info.plist;
				LD_RUNPATH_SEARCH_PATHS = "$(inherited) @executable_path/Frameworks";
				PRODUCT_BUNDLE_IDENTIFIER = com.spritle.Shooter;
				PRODUCT_NAME = "$(TARGET_NAME)";
				SWIFT_VERSION = 3.0;
			};
			name = Release;
		};
/* End XCBuildConfiguration section */

/* Begin XCConfigurationList section */
		C6F551851F23211B002B7A06 /* Build configuration list for PBXProject "Shooter" */ = {
			isa = XCConfigurationList;
			buildConfigurations = (
				C6F5519A1F23211C002B7A06 /* Debug */,
				C6F5519B1F23211C002B7A06 /* Release */,
			);
			defaultConfigurationIsVisible = 0;
			defaultConfigurationName = Release;
		};
		C6F5519C1F23211C002B7A06 /* Build configuration list for PBXNativeTarget "Shooter" */ = {
			isa = XCConfigurationList;
			buildConfigurations = (
				C6F5519D1F23211C002B7A06 /* Debug */,
				C6F5519E1F23211C002B7A06 /* Release */,
			);
			defaultConfigurationIsVisible = 0;
			defaultConfigurationName = Release;
		};
/* End XCConfigurationList section */
	};
	rootObject = C6F551821F23211B002B7A06 /* Project object */;
}
